{
  "version": 4,
  "terraform_version": "1.9.5",
  "serial": 103,
  "lineage": "b85ce723-d771-a20c-62a1-260a75788d0d",
  "outputs": {
    "ssh_command": {
      "value": " ssh -i ./private_key_EC2.pem ec2-user@13.214.9.153 ",
      "type": "string"
    }
  },
  "resources": [
    {
      "mode": "managed",
      "type": "aws_eip",
      "name": "EIP",
      "provider": "provider[\"registry.terraform.io/hashicorp/aws\"]",
      "instances": [
        {
          "schema_version": 0,
          "attributes": {
            "address": null,
            "allocation_id": "eipalloc-05fc2a095c68a5dcb",
            "arn": "arn:aws:ec2:ap-southeast-1:009160061336:elastic-ip/eipalloc-05fc2a095c68a5dcb",
            "associate_with_private_ip": null,
            "association_id": "",
            "carrier_ip": "",
            "customer_owned_ip": "",
            "customer_owned_ipv4_pool": "",
            "domain": "vpc",
            "id": "eipalloc-05fc2a095c68a5dcb",
            "instance": "",
            "network_border_group": "ap-southeast-1",
            "network_interface": "",
            "private_dns": null,
            "private_ip": "",
            "ptr_record": "",
            "public_dns": "ec2-52-76-175-185.ap-southeast-1.compute.amazonaws.com",
            "public_ip": "52.76.175.185",
            "public_ipv4_pool": "amazon",
            "tags": {
              "Name": "Elasic IP"
            },
            "tags_all": {
              "Environment": "Test",
              "Name": "Elasic IP",
              "Owner": "James",
              "Project": "Terraform Learning"
            },
            "timeouts": null,
            "vpc": true
          },
          "sensitive_attributes": [],
          "private": "eyJlMmJmYjczMC1lY2FhLTExZTYtOGY4OC0zNDM2M2JjN2M0YzAiOnsiZGVsZXRlIjoxODAwMDAwMDAwMDAsInJlYWQiOjkwMDAwMDAwMDAwMCwidXBkYXRlIjozMDAwMDAwMDAwMDB9fQ=="
        }
      ]
    },
    {
      "mode": "managed",
      "type": "aws_eip",
      "name": "eip_ec2",
      "provider": "provider[\"registry.terraform.io/hashicorp/aws\"]",
      "instances": [
        {
          "schema_version": 0,
          "attributes": {
            "address": null,
            "allocation_id": "eipalloc-0ddb3458f64a80ad1",
            "arn": "arn:aws:ec2:ap-southeast-1:009160061336:elastic-ip/eipalloc-0ddb3458f64a80ad1",
            "associate_with_private_ip": null,
            "association_id": "",
            "carrier_ip": "",
            "customer_owned_ip": "",
            "customer_owned_ipv4_pool": "",
            "domain": "vpc",
            "id": "eipalloc-0ddb3458f64a80ad1",
            "instance": "",
            "network_border_group": "ap-southeast-1",
            "network_interface": "",
            "private_dns": null,
            "private_ip": "",
            "ptr_record": "",
            "public_dns": "ec2-13-214-9-153.ap-southeast-1.compute.amazonaws.com",
            "public_ip": "13.214.9.153",
            "public_ipv4_pool": "amazon",
            "tags": null,
            "tags_all": {
              "Environment": "Test",
              "Owner": "James",
              "Project": "Terraform Learning"
            },
            "timeouts": null,
            "vpc": true
          },
          "sensitive_attributes": [],
          "private": "eyJlMmJmYjczMC1lY2FhLTExZTYtOGY4OC0zNDM2M2JjN2M0YzAiOnsiZGVsZXRlIjoxODAwMDAwMDAwMDAsInJlYWQiOjkwMDAwMDAwMDAwMCwidXBkYXRlIjozMDAwMDAwMDAwMDB9fQ=="
        }
      ]
    },
    {
      "mode": "managed",
      "type": "aws_eip_association",
      "name": "eip_to_ec2",
      "provider": "provider[\"registry.terraform.io/hashicorp/aws\"]",
      "instances": [
        {
          "schema_version": 0,
          "attributes": {
            "allocation_id": "eipalloc-0ddb3458f64a80ad1",
            "allow_reassociation": null,
            "id": "eipassoc-05b0c51c3e9e4fe12",
            "instance_id": "i-0347c3863732b50a2",
            "network_interface_id": "eni-079a396bc291871e4",
            "private_ip_address": "10.10.1.63",
            "public_ip": "13.214.9.153"
          },
          "sensitive_attributes": [],
          "private": "bnVsbA==",
          "dependencies": [
            "aws_eip.eip_ec2",
            "aws_instance.Server1",
            "aws_key_pair.key-pair",
            "aws_security_group.sg1",
            "aws_subnet.pub-subnets",
            "aws_vpc.Pro-VPC",
            "tls_private_key.ec2key"
          ]
        }
      ]
    },
    {
      "mode": "managed",
      "type": "aws_instance",
      "name": "Server1",
      "provider": "provider[\"registry.terraform.io/hashicorp/aws\"]",
      "instances": [
        {
          "schema_version": 1,
          "attributes": {
            "ami": "ami-0ac0f5ac9a9b402fa",
            "arn": "arn:aws:ec2:ap-southeast-1:009160061336:instance/i-0347c3863732b50a2",
            "associate_public_ip_address": true,
            "availability_zone": "ap-southeast-1a",
            "capacity_reservation_specification": [
              {
                "capacity_reservation_preference": "open",
                "capacity_reservation_target": []
              }
            ],
            "cpu_core_count": 1,
            "cpu_options": [
              {
                "amd_sev_snp": "",
                "core_count": 1,
                "threads_per_core": 1
              }
            ],
            "cpu_threads_per_core": 1,
            "credit_specification": [
              {
                "cpu_credits": "standard"
              }
            ],
            "disable_api_stop": false,
            "disable_api_termination": false,
            "ebs_block_device": [],
            "ebs_optimized": false,
            "enclave_options": [
              {
                "enabled": false
              }
            ],
            "ephemeral_block_device": [],
            "get_password_data": false,
            "hibernation": false,
            "host_id": "",
            "host_resource_group_arn": null,
            "iam_instance_profile": "",
            "id": "i-0347c3863732b50a2",
            "instance_initiated_shutdown_behavior": "stop",
            "instance_lifecycle": "",
            "instance_market_options": [],
            "instance_state": "running",
            "instance_type": "t2.micro",
            "ipv6_address_count": 0,
            "ipv6_addresses": [],
            "key_name": "public_key.pub",
            "launch_template": [],
            "maintenance_options": [
              {
                "auto_recovery": "default"
              }
            ],
            "metadata_options": [
              {
                "http_endpoint": "enabled",
                "http_protocol_ipv6": "disabled",
                "http_put_response_hop_limit": 1,
                "http_tokens": "optional",
                "instance_metadata_tags": "disabled"
              }
            ],
            "monitoring": false,
            "network_interface": [],
            "outpost_arn": "",
            "password_data": "",
            "placement_group": "",
            "placement_partition_number": 0,
            "primary_network_interface_id": "eni-079a396bc291871e4",
            "private_dns": "ip-10-10-1-63.ap-southeast-1.compute.internal",
            "private_dns_name_options": [
              {
                "enable_resource_name_dns_a_record": false,
                "enable_resource_name_dns_aaaa_record": false,
                "hostname_type": "ip-name"
              }
            ],
            "private_ip": "10.10.1.63",
            "public_dns": "",
            "public_ip": "54.179.214.203",
            "root_block_device": [
              {
                "delete_on_termination": true,
                "device_name": "/dev/xvda",
                "encrypted": false,
                "iops": 100,
                "kms_key_id": "",
                "tags": {},
                "tags_all": {
                  "Environment": "Test",
                  "Owner": "James",
                  "Project": "Terraform Learning"
                },
                "throughput": 0,
                "volume_id": "vol-0c23c1de65ffe64f5",
                "volume_size": 8,
                "volume_type": "gp2"
              }
            ],
            "secondary_private_ips": [],
            "security_groups": [],
            "source_dest_check": true,
            "spot_instance_request_id": "",
            "subnet_id": "subnet-088886ba15c67dabd",
            "tags": {
              "Name": "EC2_Testbed"
            },
            "tags_all": {
              "Environment": "Test",
              "Name": "EC2_Testbed",
              "Owner": "James",
              "Project": "Terraform Learning"
            },
            "tenancy": "default",
            "timeouts": null,
            "user_data": null,
            "user_data_base64": null,
            "user_data_replace_on_change": false,
            "volume_tags": null,
            "vpc_security_group_ids": [
              "sg-06b6e923b953beae7"
            ]
          },
          "sensitive_attributes": [],
          "private": "eyJlMmJmYjczMC1lY2FhLTExZTYtOGY4OC0zNDM2M2JjN2M0YzAiOnsiY3JlYXRlIjo2MDAwMDAwMDAwMDAsImRlbGV0ZSI6MTIwMDAwMDAwMDAwMCwicmVhZCI6OTAwMDAwMDAwMDAwLCJ1cGRhdGUiOjYwMDAwMDAwMDAwMH0sInNjaGVtYV92ZXJzaW9uIjoiMSJ9",
          "dependencies": [
            "aws_key_pair.key-pair",
            "aws_security_group.sg1",
            "aws_subnet.pub-subnets",
            "aws_vpc.Pro-VPC",
            "tls_private_key.ec2key"
          ]
        }
      ]
    },
    {
      "mode": "managed",
      "type": "aws_internet_gateway",
      "name": "IGW",
      "provider": "provider[\"registry.terraform.io/hashicorp/aws\"]",
      "instances": [
        {
          "schema_version": 0,
          "attributes": {
            "arn": "arn:aws:ec2:ap-southeast-1:009160061336:internet-gateway/igw-0c8987e5733fcea21",
            "id": "igw-0c8987e5733fcea21",
            "owner_id": "009160061336",
            "tags": {
              "Name": "prod IGW"
            },
            "tags_all": {
              "Environment": "Test",
              "Name": "prod IGW",
              "Owner": "James",
              "Project": "Terraform Learning"
            },
            "timeouts": null,
            "vpc_id": ""
          },
          "sensitive_attributes": [],
          "private": "eyJlMmJmYjczMC1lY2FhLTExZTYtOGY4OC0zNDM2M2JjN2M0YzAiOnsiY3JlYXRlIjoxMjAwMDAwMDAwMDAwLCJkZWxldGUiOjEyMDAwMDAwMDAwMDAsInVwZGF0ZSI6MTIwMDAwMDAwMDAwMH19"
        }
      ]
    },
    {
      "mode": "managed",
      "type": "aws_internet_gateway_attachment",
      "name": "giw_att",
      "provider": "provider[\"registry.terraform.io/hashicorp/aws\"]",
      "instances": [
        {
          "schema_version": 0,
          "attributes": {
            "id": "igw-0c8987e5733fcea21:vpc-032d1def7642e9076",
            "internet_gateway_id": "igw-0c8987e5733fcea21",
            "timeouts": null,
            "vpc_id": "vpc-032d1def7642e9076"
          },
          "sensitive_attributes": [],
          "private": "eyJlMmJmYjczMC1lY2FhLTExZTYtOGY4OC0zNDM2M2JjN2M0YzAiOnsiY3JlYXRlIjoxMjAwMDAwMDAwMDAwLCJkZWxldGUiOjEyMDAwMDAwMDAwMDB9fQ==",
          "dependencies": [
            "aws_internet_gateway.IGW",
            "aws_vpc.Pro-VPC"
          ]
        }
      ]
    },
    {
      "mode": "managed",
      "type": "aws_key_pair",
      "name": "key-pair",
      "provider": "provider[\"registry.terraform.io/hashicorp/aws\"]",
      "instances": [
        {
          "schema_version": 1,
          "attributes": {
            "arn": "arn:aws:ec2:ap-southeast-1:009160061336:key-pair/public_key.pub",
            "fingerprint": "aa:96:7b:46:e5:c4:58:8c:94:bd:b9:35:1e:a7:dc:94",
            "id": "public_key.pub",
            "key_name": "public_key.pub",
            "key_name_prefix": "",
            "key_pair_id": "key-01715269b74c35448",
            "key_type": "rsa",
            "public_key": "ssh-rsa AAAAB3NzaC1yc2EAAAADAQABAAACAQDil3ht08ySRbDRlfNqemT3xMjBro+AHcwC5o3pKDdQDFCNgn6ciO+/YIaU7TcTIbK/7E95kdaTszp1XUp8qiZfjOpX9I1HqksyR56xtW83EW0jgBWHEevpYp+wVPDLI6o0wjiI9R2CufZ4D3Srn4jqDtYR5pYm9Z8uLsjXUyDhcumVr+TSCnyXI4XQQRbrtoQc/IPlno7/s90kTR5dJYEzRbbWMOCfjGxywENJwfECouxSuXhR1JYGZFjn2T3o4dC/IDXZbSZxEUo6d7Xxs76OL6WlukYcRWOztbgy1416qlJCJB8oSoj0aKAGu/goWCKkNA6VWUmd07pcw7C/im1JKETUzXaGuPtR9doFd2Y10s7sqx8CGfWARrrPL65kcQfNShDhXJHVloKJvq9IfdkahOnbhzEdD6SmXJwhyb4gQ7WdXUmhafGQBoz+P/JjG6HSSrfdynWIy1t7E4xk9watdm+ldUPznCyj+qes6YQyKrT5QCYR5uzlTPS+8eI5En+nwvFi2jRXF5MiwnQQyxAVr/bh18WexFegCVqkIUGWdGL5FWOJzZ1feP/HiEIPXbri6jX3+/BfBqZh81yEvDsf6WjCgHRk7W3WBDKWl96b6AelSjm0siSzXbpz8how/rh8vxo+SM3A665dWjfEALP4+wQF6Xwpj7BKikcemAsbIw==",
            "tags": null,
            "tags_all": {
              "Environment": "Test",
              "Owner": "James",
              "Project": "Terraform Learning"
            }
          },
          "sensitive_attributes": [],
          "private": "eyJzY2hlbWFfdmVyc2lvbiI6IjEifQ==",
          "dependencies": [
            "tls_private_key.ec2key"
          ]
        }
      ]
    },
    {
      "mode": "managed",
      "type": "aws_nat_gateway",
      "name": "NAT_Gateway",
      "provider": "provider[\"registry.terraform.io/hashicorp/aws\"]",
      "instances": [
        {
          "schema_version": 0,
          "attributes": {
            "allocation_id": "eipalloc-05fc2a095c68a5dcb",
            "association_id": "eipassoc-00de2a8f3b00c35da",
            "connectivity_type": "public",
            "id": "nat-0b0e60766f406ef3d",
            "network_interface_id": "eni-0d7ed746964bed468",
            "private_ip": "10.10.1.39",
            "public_ip": "52.76.175.185",
            "secondary_allocation_ids": null,
            "secondary_private_ip_address_count": 0,
            "secondary_private_ip_addresses": [],
            "subnet_id": "subnet-088886ba15c67dabd",
            "tags": {
              "Name": "gw NAT"
            },
            "tags_all": {
              "Environment": "Test",
              "Name": "gw NAT",
              "Owner": "James",
              "Project": "Terraform Learning"
            },
            "timeouts": null
          },
          "sensitive_attributes": [],
          "private": "eyJlMmJmYjczMC1lY2FhLTExZTYtOGY4OC0zNDM2M2JjN2M0YzAiOnsiY3JlYXRlIjo2MDAwMDAwMDAwMDAsImRlbGV0ZSI6MTgwMDAwMDAwMDAwMCwidXBkYXRlIjo2MDAwMDAwMDAwMDB9fQ==",
          "dependencies": [
            "aws_eip.EIP",
            "aws_subnet.pub-subnets",
            "aws_vpc.Pro-VPC"
          ]
        }
      ]
    },
    {
      "mode": "managed",
      "type": "aws_route_table",
      "name": "private-rtb",
      "provider": "provider[\"registry.terraform.io/hashicorp/aws\"]",
      "instances": [
        {
          "schema_version": 0,
          "attributes": {
            "arn": "arn:aws:ec2:ap-southeast-1:009160061336:route-table/rtb-0ac5dfdbbb8630e92",
            "id": "rtb-0ac5dfdbbb8630e92",
            "owner_id": "009160061336",
            "propagating_vgws": [],
            "route": [
              {
                "carrier_gateway_id": "",
                "cidr_block": "0.0.0.0/0",
                "core_network_arn": "",
                "destination_prefix_list_id": "",
                "egress_only_gateway_id": "",
                "gateway_id": "nat-0b0e60766f406ef3d",
                "ipv6_cidr_block": "",
                "local_gateway_id": "",
                "nat_gateway_id": "",
                "network_interface_id": "",
                "transit_gateway_id": "",
                "vpc_endpoint_id": "",
                "vpc_peering_connection_id": ""
              }
            ],
            "tags": {
              "Name": "private route table"
            },
            "tags_all": {
              "Environment": "Test",
              "Name": "private route table",
              "Owner": "James",
              "Project": "Terraform Learning"
            },
            "timeouts": null,
            "vpc_id": "vpc-032d1def7642e9076"
          },
          "sensitive_attributes": [],
          "private": "eyJlMmJmYjczMC1lY2FhLTExZTYtOGY4OC0zNDM2M2JjN2M0YzAiOnsiY3JlYXRlIjozMDAwMDAwMDAwMDAsImRlbGV0ZSI6MzAwMDAwMDAwMDAwLCJ1cGRhdGUiOjEyMDAwMDAwMDAwMH19",
          "dependencies": [
            "aws_eip.EIP",
            "aws_nat_gateway.NAT_Gateway",
            "aws_subnet.pub-subnets",
            "aws_vpc.Pro-VPC"
          ]
        }
      ]
    },
    {
      "mode": "managed",
      "type": "aws_route_table",
      "name": "public-rtb",
      "provider": "provider[\"registry.terraform.io/hashicorp/aws\"]",
      "instances": [
        {
          "schema_version": 0,
          "attributes": {
            "arn": "arn:aws:ec2:ap-southeast-1:009160061336:route-table/rtb-0f523550859193fc5",
            "id": "rtb-0f523550859193fc5",
            "owner_id": "009160061336",
            "propagating_vgws": [],
            "route": [
              {
                "carrier_gateway_id": "",
                "cidr_block": "0.0.0.0/0",
                "core_network_arn": "",
                "destination_prefix_list_id": "",
                "egress_only_gateway_id": "",
                "gateway_id": "igw-0c8987e5733fcea21",
                "ipv6_cidr_block": "",
                "local_gateway_id": "",
                "nat_gateway_id": "",
                "network_interface_id": "",
                "transit_gateway_id": "",
                "vpc_endpoint_id": "",
                "vpc_peering_connection_id": ""
              }
            ],
            "tags": {
              "Name": "public route table"
            },
            "tags_all": {
              "Environment": "Test",
              "Name": "public route table",
              "Owner": "James",
              "Project": "Terraform Learning"
            },
            "timeouts": null,
            "vpc_id": "vpc-032d1def7642e9076"
          },
          "sensitive_attributes": [],
          "private": "eyJlMmJmYjczMC1lY2FhLTExZTYtOGY4OC0zNDM2M2JjN2M0YzAiOnsiY3JlYXRlIjozMDAwMDAwMDAwMDAsImRlbGV0ZSI6MzAwMDAwMDAwMDAwLCJ1cGRhdGUiOjEyMDAwMDAwMDAwMH19",
          "dependencies": [
            "aws_internet_gateway.IGW",
            "aws_vpc.Pro-VPC"
          ]
        }
      ]
    },
    {
      "mode": "managed",
      "type": "aws_route_table_association",
      "name": "private-rtb-assoc",
      "provider": "provider[\"registry.terraform.io/hashicorp/aws\"]",
      "instances": [
        {
          "index_key": "private-subnet-1",
          "schema_version": 0,
          "attributes": {
            "gateway_id": "",
            "id": "rtbassoc-0b4a61987432cc724",
            "route_table_id": "rtb-0ac5dfdbbb8630e92",
            "subnet_id": "subnet-0fb61d15990ea294c",
            "timeouts": null
          },
          "sensitive_attributes": [],
          "private": "eyJlMmJmYjczMC1lY2FhLTExZTYtOGY4OC0zNDM2M2JjN2M0YzAiOnsiY3JlYXRlIjozMDAwMDAwMDAwMDAsImRlbGV0ZSI6MzAwMDAwMDAwMDAwLCJ1cGRhdGUiOjEyMDAwMDAwMDAwMH19",
          "dependencies": [
            "aws_eip.EIP",
            "aws_nat_gateway.NAT_Gateway",
            "aws_route_table.private-rtb",
            "aws_subnet.private-subnets",
            "aws_subnet.pub-subnets",
            "aws_vpc.Pro-VPC"
          ]
        },
        {
          "index_key": "private-subnet-2",
          "schema_version": 0,
          "attributes": {
            "gateway_id": "",
            "id": "rtbassoc-0bdfd8d22d19e8ef2",
            "route_table_id": "rtb-0ac5dfdbbb8630e92",
            "subnet_id": "subnet-0cbad2fb1578f2596",
            "timeouts": null
          },
          "sensitive_attributes": [],
          "private": "eyJlMmJmYjczMC1lY2FhLTExZTYtOGY4OC0zNDM2M2JjN2M0YzAiOnsiY3JlYXRlIjozMDAwMDAwMDAwMDAsImRlbGV0ZSI6MzAwMDAwMDAwMDAwLCJ1cGRhdGUiOjEyMDAwMDAwMDAwMH19",
          "dependencies": [
            "aws_eip.EIP",
            "aws_nat_gateway.NAT_Gateway",
            "aws_route_table.private-rtb",
            "aws_subnet.private-subnets",
            "aws_subnet.pub-subnets",
            "aws_vpc.Pro-VPC"
          ]
        },
        {
          "index_key": "private-subnet-3",
          "schema_version": 0,
          "attributes": {
            "gateway_id": "",
            "id": "rtbassoc-07770b65b47dab3c2",
            "route_table_id": "rtb-0ac5dfdbbb8630e92",
            "subnet_id": "subnet-0b701b8cd48a5ff60",
            "timeouts": null
          },
          "sensitive_attributes": [],
          "private": "eyJlMmJmYjczMC1lY2FhLTExZTYtOGY4OC0zNDM2M2JjN2M0YzAiOnsiY3JlYXRlIjozMDAwMDAwMDAwMDAsImRlbGV0ZSI6MzAwMDAwMDAwMDAwLCJ1cGRhdGUiOjEyMDAwMDAwMDAwMH19",
          "dependencies": [
            "aws_eip.EIP",
            "aws_nat_gateway.NAT_Gateway",
            "aws_route_table.private-rtb",
            "aws_subnet.private-subnets",
            "aws_subnet.pub-subnets",
            "aws_vpc.Pro-VPC"
          ]
        }
      ]
    },
    {
      "mode": "managed",
      "type": "aws_route_table_association",
      "name": "public-rtb-assoc",
      "provider": "provider[\"registry.terraform.io/hashicorp/aws\"]",
      "instances": [
        {
          "index_key": "pub-subnet-1",
          "schema_version": 0,
          "attributes": {
            "gateway_id": "",
            "id": "rtbassoc-0c7b0ced4ba4cb168",
            "route_table_id": "rtb-0f523550859193fc5",
            "subnet_id": "subnet-088886ba15c67dabd",
            "timeouts": null
          },
          "sensitive_attributes": [],
          "private": "eyJlMmJmYjczMC1lY2FhLTExZTYtOGY4OC0zNDM2M2JjN2M0YzAiOnsiY3JlYXRlIjozMDAwMDAwMDAwMDAsImRlbGV0ZSI6MzAwMDAwMDAwMDAwLCJ1cGRhdGUiOjEyMDAwMDAwMDAwMH19",
          "dependencies": [
            "aws_internet_gateway.IGW",
            "aws_route_table.public-rtb",
            "aws_subnet.pub-subnets",
            "aws_vpc.Pro-VPC"
          ]
        },
        {
          "index_key": "pub-subnet-2",
          "schema_version": 0,
          "attributes": {
            "gateway_id": "",
            "id": "rtbassoc-0bd52839cc53ef1c2",
            "route_table_id": "rtb-0f523550859193fc5",
            "subnet_id": "subnet-050287521c8d836fc",
            "timeouts": null
          },
          "sensitive_attributes": [],
          "private": "eyJlMmJmYjczMC1lY2FhLTExZTYtOGY4OC0zNDM2M2JjN2M0YzAiOnsiY3JlYXRlIjozMDAwMDAwMDAwMDAsImRlbGV0ZSI6MzAwMDAwMDAwMDAwLCJ1cGRhdGUiOjEyMDAwMDAwMDAwMH19",
          "dependencies": [
            "aws_internet_gateway.IGW",
            "aws_route_table.public-rtb",
            "aws_subnet.pub-subnets",
            "aws_vpc.Pro-VPC"
          ]
        },
        {
          "index_key": "pub-subnet-3",
          "schema_version": 0,
          "attributes": {
            "gateway_id": "",
            "id": "rtbassoc-0784f8b8b45c3ae8b",
            "route_table_id": "rtb-0f523550859193fc5",
            "subnet_id": "subnet-07ecead09fd6d2f48",
            "timeouts": null
          },
          "sensitive_attributes": [],
          "private": "eyJlMmJmYjczMC1lY2FhLTExZTYtOGY4OC0zNDM2M2JjN2M0YzAiOnsiY3JlYXRlIjozMDAwMDAwMDAwMDAsImRlbGV0ZSI6MzAwMDAwMDAwMDAwLCJ1cGRhdGUiOjEyMDAwMDAwMDAwMH19",
          "dependencies": [
            "aws_internet_gateway.IGW",
            "aws_route_table.public-rtb",
            "aws_subnet.pub-subnets",
            "aws_vpc.Pro-VPC"
          ]
        }
      ]
    },
    {
      "mode": "managed",
      "type": "aws_security_group",
      "name": "sg1",
      "provider": "provider[\"registry.terraform.io/hashicorp/aws\"]",
      "instances": [
        {
          "schema_version": 1,
          "attributes": {
            "arn": "arn:aws:ec2:ap-southeast-1:009160061336:security-group/sg-06b6e923b953beae7",
            "description": "Managed by Terraform",
            "egress": [],
            "id": "sg-06b6e923b953beae7",
            "ingress": [],
            "name": "Test-1",
            "name_prefix": "",
            "owner_id": "009160061336",
            "revoke_rules_on_delete": false,
            "tags": {
              "Name": "sg-1-EC2"
            },
            "tags_all": {
              "Environment": "Test",
              "Name": "sg-1-EC2",
              "Owner": "James",
              "Project": "Terraform Learning"
            },
            "timeouts": null,
            "vpc_id": "vpc-032d1def7642e9076"
          },
          "sensitive_attributes": [],
          "private": "eyJlMmJmYjczMC1lY2FhLTExZTYtOGY4OC0zNDM2M2JjN2M0YzAiOnsiY3JlYXRlIjo2MDAwMDAwMDAwMDAsImRlbGV0ZSI6OTAwMDAwMDAwMDAwfSwic2NoZW1hX3ZlcnNpb24iOiIxIn0=",
          "dependencies": [
            "aws_vpc.Pro-VPC"
          ]
        }
      ]
    },
    {
      "mode": "managed",
      "type": "aws_subnet",
      "name": "private-subnets",
      "provider": "provider[\"registry.terraform.io/hashicorp/aws\"]",
      "instances": [
        {
          "index_key": "private-subnet-1",
          "schema_version": 1,
          "attributes": {
            "arn": "arn:aws:ec2:ap-southeast-1:009160061336:subnet/subnet-0fb61d15990ea294c",
            "assign_ipv6_address_on_creation": false,
            "availability_zone": "ap-southeast-1a",
            "availability_zone_id": "apse1-az1",
            "cidr_block": "10.10.4.0/24",
            "customer_owned_ipv4_pool": "",
            "enable_dns64": false,
            "enable_lni_at_device_index": 0,
            "enable_resource_name_dns_a_record_on_launch": false,
            "enable_resource_name_dns_aaaa_record_on_launch": false,
            "id": "subnet-0fb61d15990ea294c",
            "ipv6_cidr_block": "",
            "ipv6_cidr_block_association_id": "",
            "ipv6_native": false,
            "map_customer_owned_ip_on_launch": false,
            "map_public_ip_on_launch": false,
            "outpost_arn": "",
            "owner_id": "009160061336",
            "private_dns_hostname_type_on_launch": "ip-name",
            "tags": {
              "Name": "private Subnet 1"
            },
            "tags_all": {
              "Environment": "Test",
              "Name": "private Subnet 1",
              "Owner": "James",
              "Project": "Terraform Learning"
            },
            "timeouts": null,
            "vpc_id": "vpc-032d1def7642e9076"
          },
          "sensitive_attributes": [],
          "private": "eyJlMmJmYjczMC1lY2FhLTExZTYtOGY4OC0zNDM2M2JjN2M0YzAiOnsiY3JlYXRlIjo2MDAwMDAwMDAwMDAsImRlbGV0ZSI6MTIwMDAwMDAwMDAwMH0sInNjaGVtYV92ZXJzaW9uIjoiMSJ9",
          "dependencies": [
            "aws_vpc.Pro-VPC"
          ]
        },
        {
          "index_key": "private-subnet-2",
          "schema_version": 1,
          "attributes": {
            "arn": "arn:aws:ec2:ap-southeast-1:009160061336:subnet/subnet-0cbad2fb1578f2596",
            "assign_ipv6_address_on_creation": false,
            "availability_zone": "ap-southeast-1b",
            "availability_zone_id": "apse1-az2",
            "cidr_block": "10.10.5.0/24",
            "customer_owned_ipv4_pool": "",
            "enable_dns64": false,
            "enable_lni_at_device_index": 0,
            "enable_resource_name_dns_a_record_on_launch": false,
            "enable_resource_name_dns_aaaa_record_on_launch": false,
            "id": "subnet-0cbad2fb1578f2596",
            "ipv6_cidr_block": "",
            "ipv6_cidr_block_association_id": "",
            "ipv6_native": false,
            "map_customer_owned_ip_on_launch": false,
            "map_public_ip_on_launch": false,
            "outpost_arn": "",
            "owner_id": "009160061336",
            "private_dns_hostname_type_on_launch": "ip-name",
            "tags": {
              "Name": "private Subnet 2"
            },
            "tags_all": {
              "Environment": "Test",
              "Name": "private Subnet 2",
              "Owner": "James",
              "Project": "Terraform Learning"
            },
            "timeouts": null,
            "vpc_id": "vpc-032d1def7642e9076"
          },
          "sensitive_attributes": [],
          "private": "eyJlMmJmYjczMC1lY2FhLTExZTYtOGY4OC0zNDM2M2JjN2M0YzAiOnsiY3JlYXRlIjo2MDAwMDAwMDAwMDAsImRlbGV0ZSI6MTIwMDAwMDAwMDAwMH0sInNjaGVtYV92ZXJzaW9uIjoiMSJ9",
          "dependencies": [
            "aws_vpc.Pro-VPC"
          ]
        },
        {
          "index_key": "private-subnet-3",
          "schema_version": 1,
          "attributes": {
            "arn": "arn:aws:ec2:ap-southeast-1:009160061336:subnet/subnet-0b701b8cd48a5ff60",
            "assign_ipv6_address_on_creation": false,
            "availability_zone": "ap-southeast-1c",
            "availability_zone_id": "apse1-az3",
            "cidr_block": "10.10.6.0/24",
            "customer_owned_ipv4_pool": "",
            "enable_dns64": false,
            "enable_lni_at_device_index": 0,
            "enable_resource_name_dns_a_record_on_launch": false,
            "enable_resource_name_dns_aaaa_record_on_launch": false,
            "id": "subnet-0b701b8cd48a5ff60",
            "ipv6_cidr_block": "",
            "ipv6_cidr_block_association_id": "",
            "ipv6_native": false,
            "map_customer_owned_ip_on_launch": false,
            "map_public_ip_on_launch": false,
            "outpost_arn": "",
            "owner_id": "009160061336",
            "private_dns_hostname_type_on_launch": "ip-name",
            "tags": {
              "Name": "private Subnet 3"
            },
            "tags_all": {
              "Environment": "Test",
              "Name": "private Subnet 3",
              "Owner": "James",
              "Project": "Terraform Learning"
            },
            "timeouts": null,
            "vpc_id": "vpc-032d1def7642e9076"
          },
          "sensitive_attributes": [],
          "private": "eyJlMmJmYjczMC1lY2FhLTExZTYtOGY4OC0zNDM2M2JjN2M0YzAiOnsiY3JlYXRlIjo2MDAwMDAwMDAwMDAsImRlbGV0ZSI6MTIwMDAwMDAwMDAwMH0sInNjaGVtYV92ZXJzaW9uIjoiMSJ9",
          "dependencies": [
            "aws_vpc.Pro-VPC"
          ]
        }
      ]
    },
    {
      "mode": "managed",
      "type": "aws_subnet",
      "name": "pub-subnets",
      "provider": "provider[\"registry.terraform.io/hashicorp/aws\"]",
      "instances": [
        {
          "index_key": "pub-subnet-1",
          "schema_version": 1,
          "attributes": {
            "arn": "arn:aws:ec2:ap-southeast-1:009160061336:subnet/subnet-088886ba15c67dabd",
            "assign_ipv6_address_on_creation": false,
            "availability_zone": "ap-southeast-1a",
            "availability_zone_id": "apse1-az1",
            "cidr_block": "10.10.1.0/24",
            "customer_owned_ipv4_pool": "",
            "enable_dns64": false,
            "enable_lni_at_device_index": 0,
            "enable_resource_name_dns_a_record_on_launch": false,
            "enable_resource_name_dns_aaaa_record_on_launch": false,
            "id": "subnet-088886ba15c67dabd",
            "ipv6_cidr_block": "",
            "ipv6_cidr_block_association_id": "",
            "ipv6_native": false,
            "map_customer_owned_ip_on_launch": false,
            "map_public_ip_on_launch": true,
            "outpost_arn": "",
            "owner_id": "009160061336",
            "private_dns_hostname_type_on_launch": "ip-name",
            "tags": {
              "Name": "Public Subnet 1"
            },
            "tags_all": {
              "Environment": "Test",
              "Name": "Public Subnet 1",
              "Owner": "James",
              "Project": "Terraform Learning"
            },
            "timeouts": null,
            "vpc_id": "vpc-032d1def7642e9076"
          },
          "sensitive_attributes": [],
          "private": "eyJlMmJmYjczMC1lY2FhLTExZTYtOGY4OC0zNDM2M2JjN2M0YzAiOnsiY3JlYXRlIjo2MDAwMDAwMDAwMDAsImRlbGV0ZSI6MTIwMDAwMDAwMDAwMH0sInNjaGVtYV92ZXJzaW9uIjoiMSJ9",
          "dependencies": [
            "aws_vpc.Pro-VPC"
          ]
        },
        {
          "index_key": "pub-subnet-2",
          "schema_version": 1,
          "attributes": {
            "arn": "arn:aws:ec2:ap-southeast-1:009160061336:subnet/subnet-050287521c8d836fc",
            "assign_ipv6_address_on_creation": false,
            "availability_zone": "ap-southeast-1b",
            "availability_zone_id": "apse1-az2",
            "cidr_block": "10.10.2.0/24",
            "customer_owned_ipv4_pool": "",
            "enable_dns64": false,
            "enable_lni_at_device_index": 0,
            "enable_resource_name_dns_a_record_on_launch": false,
            "enable_resource_name_dns_aaaa_record_on_launch": false,
            "id": "subnet-050287521c8d836fc",
            "ipv6_cidr_block": "",
            "ipv6_cidr_block_association_id": "",
            "ipv6_native": false,
            "map_customer_owned_ip_on_launch": false,
            "map_public_ip_on_launch": true,
            "outpost_arn": "",
            "owner_id": "009160061336",
            "private_dns_hostname_type_on_launch": "ip-name",
            "tags": {
              "Name": "Public Subnet 2"
            },
            "tags_all": {
              "Environment": "Test",
              "Name": "Public Subnet 2",
              "Owner": "James",
              "Project": "Terraform Learning"
            },
            "timeouts": null,
            "vpc_id": "vpc-032d1def7642e9076"
          },
          "sensitive_attributes": [],
          "private": "eyJlMmJmYjczMC1lY2FhLTExZTYtOGY4OC0zNDM2M2JjN2M0YzAiOnsiY3JlYXRlIjo2MDAwMDAwMDAwMDAsImRlbGV0ZSI6MTIwMDAwMDAwMDAwMH0sInNjaGVtYV92ZXJzaW9uIjoiMSJ9",
          "dependencies": [
            "aws_vpc.Pro-VPC"
          ]
        },
        {
          "index_key": "pub-subnet-3",
          "schema_version": 1,
          "attributes": {
            "arn": "arn:aws:ec2:ap-southeast-1:009160061336:subnet/subnet-07ecead09fd6d2f48",
            "assign_ipv6_address_on_creation": false,
            "availability_zone": "ap-southeast-1c",
            "availability_zone_id": "apse1-az3",
            "cidr_block": "10.10.3.0/24",
            "customer_owned_ipv4_pool": "",
            "enable_dns64": false,
            "enable_lni_at_device_index": 0,
            "enable_resource_name_dns_a_record_on_launch": false,
            "enable_resource_name_dns_aaaa_record_on_launch": false,
            "id": "subnet-07ecead09fd6d2f48",
            "ipv6_cidr_block": "",
            "ipv6_cidr_block_association_id": "",
            "ipv6_native": false,
            "map_customer_owned_ip_on_launch": false,
            "map_public_ip_on_launch": true,
            "outpost_arn": "",
            "owner_id": "009160061336",
            "private_dns_hostname_type_on_launch": "ip-name",
            "tags": {
              "Name": "Public Subnet 3"
            },
            "tags_all": {
              "Environment": "Test",
              "Name": "Public Subnet 3",
              "Owner": "James",
              "Project": "Terraform Learning"
            },
            "timeouts": null,
            "vpc_id": "vpc-032d1def7642e9076"
          },
          "sensitive_attributes": [],
          "private": "eyJlMmJmYjczMC1lY2FhLTExZTYtOGY4OC0zNDM2M2JjN2M0YzAiOnsiY3JlYXRlIjo2MDAwMDAwMDAwMDAsImRlbGV0ZSI6MTIwMDAwMDAwMDAwMH0sInNjaGVtYV92ZXJzaW9uIjoiMSJ9",
          "dependencies": [
            "aws_vpc.Pro-VPC"
          ]
        }
      ]
    },
    {
      "mode": "managed",
      "type": "aws_vpc",
      "name": "Pro-VPC",
      "provider": "provider[\"registry.terraform.io/hashicorp/aws\"]",
      "instances": [
        {
          "schema_version": 1,
          "attributes": {
            "arn": "arn:aws:ec2:ap-southeast-1:009160061336:vpc/vpc-032d1def7642e9076",
            "assign_generated_ipv6_cidr_block": false,
            "cidr_block": "10.10.0.0/16",
            "default_network_acl_id": "acl-054f930d3379b0b36",
            "default_route_table_id": "rtb-0b9ea4738a985c692",
            "default_security_group_id": "sg-06b5d3e3d36e53abe",
            "dhcp_options_id": "dopt-0f6985a5765a4b343",
            "enable_dns_hostnames": false,
            "enable_dns_support": true,
            "enable_network_address_usage_metrics": false,
            "id": "vpc-032d1def7642e9076",
            "instance_tenancy": "default",
            "ipv4_ipam_pool_id": null,
            "ipv4_netmask_length": null,
            "ipv6_association_id": "",
            "ipv6_cidr_block": "",
            "ipv6_cidr_block_network_border_group": "",
            "ipv6_ipam_pool_id": "",
            "ipv6_netmask_length": 0,
            "main_route_table_id": "rtb-0b9ea4738a985c692",
            "owner_id": "009160061336",
            "tags": {
              "Name": "VPC-Thor"
            },
            "tags_all": {
              "Environment": "Test",
              "Name": "VPC-Thor",
              "Owner": "James",
              "Project": "Terraform Learning"
            }
          },
          "sensitive_attributes": [],
          "private": "eyJzY2hlbWFfdmVyc2lvbiI6IjEifQ=="
        }
      ]
    },
    {
      "mode": "managed",
      "type": "aws_vpc_security_group_ingress_rule",
      "name": "allow_engress_ipv4",
      "provider": "provider[\"registry.terraform.io/hashicorp/aws\"]",
      "instances": [
        {
          "schema_version": 0,
          "attributes": {
            "arn": "arn:aws:ec2:ap-southeast-1:009160061336:security-group-rule/sgr-09ada552165eec27d",
            "cidr_ipv4": "0.0.0.0/0",
            "cidr_ipv6": null,
            "description": null,
            "from_port": null,
            "id": "sgr-09ada552165eec27d",
            "ip_protocol": "-1",
            "prefix_list_id": null,
            "referenced_security_group_id": null,
            "security_group_id": "sg-06b6e923b953beae7",
            "security_group_rule_id": "sgr-09ada552165eec27d",
            "tags": null,
            "tags_all": {
              "Environment": "Test",
              "Owner": "James",
              "Project": "Terraform Learning"
            },
            "to_port": null
          },
          "sensitive_attributes": [],
          "dependencies": [
            "aws_security_group.sg1",
            "aws_vpc.Pro-VPC"
          ]
        }
      ]
    },
    {
      "mode": "managed",
      "type": "aws_vpc_security_group_ingress_rule",
      "name": "allow_ingress_ssh_ipv4",
      "provider": "provider[\"registry.terraform.io/hashicorp/aws\"]",
      "instances": [
        {
          "schema_version": 0,
          "attributes": {
            "arn": "arn:aws:ec2:ap-southeast-1:009160061336:security-group-rule/sgr-0e1676fe9595050dd",
            "cidr_ipv4": "10.10.0.0/16",
            "cidr_ipv6": null,
            "description": null,
            "from_port": 22,
            "id": "sgr-0e1676fe9595050dd",
            "ip_protocol": "tcp",
            "prefix_list_id": null,
            "referenced_security_group_id": null,
            "security_group_id": "sg-06b6e923b953beae7",
            "security_group_rule_id": "sgr-0e1676fe9595050dd",
            "tags": null,
            "tags_all": {
              "Environment": "Test",
              "Owner": "James",
              "Project": "Terraform Learning"
            },
            "to_port": 22
          },
          "sensitive_attributes": [],
          "dependencies": [
            "aws_security_group.sg1",
            "aws_vpc.Pro-VPC"
          ]
        }
      ]
    },
    {
      "mode": "managed",
      "type": "local_file",
      "name": "private_key",
      "provider": "provider[\"registry.terraform.io/hashicorp/local\"]",
      "instances": [
        {
          "schema_version": 0,
          "attributes": {
            "content": "-----BEGIN RSA PRIVATE KEY-----\nMIIJKgIBAAKCAgEA4pd4bdPMkkWw0ZXzanpk98TIwa6PgB3MAuaN6Sg3UAxQjYJ+\nnIjvv2CGlO03EyGyv+xPeZHWk7M6dV1KfKomX4zqV/SNR6pLMkeesbVvNxFtI4AV\nhxHr6WKfsFTwyyOqNMI4iPUdgrn2eA90q5+I6g7WEeaWJvWfLi7I11Mg4XLpla/k\n0gp8lyOF0EEW67aEHPyD5Z6O/7PdJE0eXSWBM0W21jDgn4xscsBDScHxAqLsUrl4\nUdSWBmRY59k96OHQvyA12W0mcRFKOne18bO+ji+lpbpGHEVjs7W4MteNeqpSQiQf\nKEqI9GigBrv4KFgipDQOlVlJndO6XMOwv4ptSShE1M12hrj7UfXaBXdmNdLO7Ksf\nAhn1gEa6zy+uZHEHzUoQ4VyR1ZaCib6vSH3ZGoTp24cxHQ+kplycIcm+IEO1nV1J\noWnxkAaM/j/yYxuh0kq33cp1iMtbexOMZPcGrXZvpXVD85wso/qnrOmEMiq0+UAm\nEebs5Uz0vvHiORJ/p8LxYto0VxeTIsJ0EMsQFa/24dfFnsRXoAlapCFBlnRi+RVj\nic2dX3j/x4hCD1264uo19/vwXwamYfNchLw7H+lowoB0ZO1t1gQylpfem+gHpUo5\ntLIks126c/IaMP64fL8aPkjNwOuuXVo3xACz+PsEBel8KY+wSopHHpgLGyMCAwEA\nAQKCAgAtR2dhSvmOIS78MqK5nEug10nmqiMyzsF9suSYutiSvmM6Y+E5FoQSEg/S\norRmtk0p3ObkvCfMy/vaiBHiZ33Tii0p9kxlDbqJCZbEnCTlNC5C8c1beFFUCckv\nS0nyzeWtNUJm29RR0ydVRoFh6jdJzj0oxpMqpdpxOBgaLxpa8sOKjeODtWTALvEG\ndHtIDujHgg45TD33CtId9usiYeQ3gq7OjmXUfBMPuyu3CXJHvJbM0RMiBwETtemu\nKtMcPkOgbadVE2KjJXlXxaQt8GUbtJm9TEPGUndh6eYtArXa1T4qyV0QiBRmAqI3\ntkgYh8QkW+KuJXF4gF61OsWPAPJlU8jtTDhPf4WZvuzY+KTz1eFdVpITQs4q0ZX4\n1p4vWIdsqngfb9bUf+0PTougUaZHYPGCyHUjZuGZqXPPM08F3U8vsUqw/wz0l/y0\nuVz4Qzyg+6/v+2O04CdMR+uLx+etd797PjC6RUPgQHcN97vrq4dYl8EYFMFccBuc\nfRZVofX8mVJOU+4a0+svOwiMjRqpU5wPVYKxtoO64zuhsypZUl3n6UjAXKJfNBT2\nApNPZjmmQ/13JzDwW1omXbyDYIfmpGnJ4sFx8WRcAjlKIcvuIpUf/4ISDRYXDL2b\ni9GVED+IikU8GuxE245axnrVckMJV12X/CqAoTguazkLzSN3gQKCAQEA9UEPM9q8\nRSBvW8wfTJmb8yG/rAkXccfcikm++Hl6UzLgJLqFJdyQcXeZ5DX7A6yJDDiexVCX\nBRtWhprqPRrCpErVv6MYCJbLb6Ftat4GotKFmwzB7iW0XNiE0EKpadGD8U+KwfyL\nbxsmF3fU4aG6+x+twtz6/CLu7Z3ZiUk5ujZOweoB8mu1feModnURSNUUtvGHyrT9\nRwJwcdSBtgAwYuq8jHDz9XsCSgvX/wnoih/QzAcimF5GfzsFEsvel7YnGm6YWhBu\n80CcaZbzEIioGciCSKjzrFSXma07W9Fugln/DsxlDBWNyXP7KT1H/s9lzwZT4DBs\nzb8g1qejsHfR+QKCAQEA7IUUeSCk7HvHdXzu+UQloBVDrF7BbsHwDl8IJn4kUP5E\nNupDCWQFrWD2gedDNYyRVIziLDgt6ylwJc9RXrIzAG6/eXq0WgtpAiyHfLCOgrkC\ntefezlJTpwp1uxTNd98z2kH7KAUXXW1WZNeslG/FE2ALO7pQgiPcEj3I7uBBVT6V\n2cxFuqiYzaVINfNHBZut94IWnnZLnIDKHoMRFXpkGXXYnyQgc4av8MmDy/gm8/Tn\nUJ82QXotjpBkYsa8aCthWEYLQOkbnDkpNhsppT4u8p7LByeiO0sZ/YKAzvODbWw8\nwRSk2HhmRko1/yOJW1W56HQ/N2Fhg19roQYWOqEc+wKCAQEA6NCi4uHBGYoJzEXA\nbJHhdfNSpbhXth45IFmTXQLMeZBxMMyTOvbfc6dKwlXv/HPcAWr6ZWr0gdeK0ura\nc7kkjpuvv2TOmtCzPDwsx2cPO5/HTwHUUwMd7Ylowt6VPiuzKe8NVMstfgJyrZKG\n1s4V1vAinjnyVEnBMHZJHEcT8s49A13mDT/sIR3zuke1acNFD8nG00nuqWsKXTST\nEbeqNyyIYnWTUTQ9XxdRKv037272YchgMe5E0+CuF0LLAo/bHP9hxxWUjXyHPsEZ\n6lcf5KHv85PXBX+kDjFhiO8ODdXrBxxGzCrl1xgvk91lq+Erz1Q9aTPvBX1rafnn\nrMyB2QKCAQEAxmUW+Ee+r7NgaxfB6QsVuIM9wc+1168MKzHhx1AWLG4sUBgO5Uim\nTnnALNUNFlTz7wVCDq+NLO4UaVLOwW0exOUg7chUkhdyHOW3PIto7xQ7xtRZm52J\nF9v5R1U6yKtMdm7UOwySPcciKfKTi+t5VzhAE/jD4XYs+owjCOTJSLT3w7rKXrlf\ne1iCCucnEvg0ZCIV0RQPdpa9c/yjDu4cGxM0AsGuCtnWqVaPnD9qhUZP5du3ChNv\nNV+/JO/pSEPjIsWWWPtwMonsHLuKIlbX0KIMUdMYDT6A7ZpTa8Tt4JJjH96uK/pK\nZ/mF858eb6OoDum7wTuJLUaUJHzTlphgkwKCAQEA2e/B+UB+1GdaxU9DNJOAAF2e\nC537Drtz4V3olIwHC/6PqMEGDb3+b6ML/iS1P8FVJXMOFTAY+32njb6HtaWO3pns\nVrDJ6oZVyeNKiu2xZ1+mTjGuXgInXkmcWhPxG+xXpj28rjdvd6YTM3250gKR1R89\nVNuQusm/HfCLUuOk6s9NZcu7DIViRw9JHjtXhsPwkggKiDlJte1BIdnzhmlsi549\nm5SgPyqfU+Y7nlhHvPqvc+ngqZPs3fj84RsRHgv8eroHRhxNxc7flBaXeVH3Aubf\ngKquklMYCoaT+sv8aenSz/cpcsVDy2v7k5l61uFFpr+QNPbbBrSrFJ3zSZfgsw==\n-----END RSA PRIVATE KEY-----\n",
            "content_base64": null,
            "content_base64sha256": "SqcivNAz2p72Ed/GCuJA2UcbGg+K7oKJnW3yjhFOXNo=",
            "content_base64sha512": "c4zYa2rL7wKqZhtrfQjZmpqmcPxOxIuSy703rhPHpTNohTfkv8bRWKUVYCY/9N+4NANNiweTlMdU89yzUhG7XQ==",
            "content_md5": "cb05c846e34fccd2c77540215dcea8df",
            "content_sha1": "6e16a36eec24b91e98ea850c75f98e8c69065f51",
            "content_sha256": "4aa722bcd033da9ef611dfc60ae240d9471b1a0f8aee82899d6df28e114e5cda",
            "content_sha512": "738cd86b6acbef02aa661b6b7d08d99a9aa670fc4ec48b92cbbd37ae13c7a533688537e4bfc6d158a51560263ff4dfb834034d8b079394c754f3dcb35211bb5d",
            "directory_permission": "0777",
            "file_permission": "0777",
            "filename": "./private_key_EC2.pem",
            "id": "6e16a36eec24b91e98ea850c75f98e8c69065f51",
            "sensitive_content": null,
            "source": null
          },
          "sensitive_attributes": [
            [
              {
                "type": "get_attr",
                "value": "sensitive_content"
              }
            ],
            [
              {
                "type": "get_attr",
                "value": "content"
              }
            ]
          ],
          "dependencies": [
            "tls_private_key.ec2key"
          ]
        }
      ]
    },
    {
      "mode": "managed",
      "type": "tls_private_key",
      "name": "ec2key",
      "provider": "provider[\"registry.terraform.io/hashicorp/tls\"]",
      "instances": [
        {
          "schema_version": 1,
          "attributes": {
            "algorithm": "RSA",
            "ecdsa_curve": "P224",
            "id": "0c182681ce62f77044f9523e1b6afd68103c45f9",
            "private_key_openssh": "-----BEGIN OPENSSH PRIVATE KEY-----\nb3BlbnNzaC1rZXktdjEAAAAABG5vbmUAAAAEbm9uZQAAAAAAAAABAAACFwAAAAdz\nc2gtcnNhAAAAAwEAAQAAAgEA4pd4bdPMkkWw0ZXzanpk98TIwa6PgB3MAuaN6Sg3\nUAxQjYJ+nIjvv2CGlO03EyGyv+xPeZHWk7M6dV1KfKomX4zqV/SNR6pLMkeesbVv\nNxFtI4AVhxHr6WKfsFTwyyOqNMI4iPUdgrn2eA90q5+I6g7WEeaWJvWfLi7I11Mg\n4XLpla/k0gp8lyOF0EEW67aEHPyD5Z6O/7PdJE0eXSWBM0W21jDgn4xscsBDScHx\nAqLsUrl4UdSWBmRY59k96OHQvyA12W0mcRFKOne18bO+ji+lpbpGHEVjs7W4MteN\neqpSQiQfKEqI9GigBrv4KFgipDQOlVlJndO6XMOwv4ptSShE1M12hrj7UfXaBXdm\nNdLO7KsfAhn1gEa6zy+uZHEHzUoQ4VyR1ZaCib6vSH3ZGoTp24cxHQ+kplycIcm+\nIEO1nV1JoWnxkAaM/j/yYxuh0kq33cp1iMtbexOMZPcGrXZvpXVD85wso/qnrOmE\nMiq0+UAmEebs5Uz0vvHiORJ/p8LxYto0VxeTIsJ0EMsQFa/24dfFnsRXoAlapCFB\nlnRi+RVjic2dX3j/x4hCD1264uo19/vwXwamYfNchLw7H+lowoB0ZO1t1gQylpfe\nm+gHpUo5tLIks126c/IaMP64fL8aPkjNwOuuXVo3xACz+PsEBel8KY+wSopHHpgL\nGyMAAAc4f4pjxX+KY8UAAAAHc3NoLXJzYQAAAgEA4pd4bdPMkkWw0ZXzanpk98TI\nwa6PgB3MAuaN6Sg3UAxQjYJ+nIjvv2CGlO03EyGyv+xPeZHWk7M6dV1KfKomX4zq\nV/SNR6pLMkeesbVvNxFtI4AVhxHr6WKfsFTwyyOqNMI4iPUdgrn2eA90q5+I6g7W\nEeaWJvWfLi7I11Mg4XLpla/k0gp8lyOF0EEW67aEHPyD5Z6O/7PdJE0eXSWBM0W2\n1jDgn4xscsBDScHxAqLsUrl4UdSWBmRY59k96OHQvyA12W0mcRFKOne18bO+ji+l\npbpGHEVjs7W4MteNeqpSQiQfKEqI9GigBrv4KFgipDQOlVlJndO6XMOwv4ptSShE\n1M12hrj7UfXaBXdmNdLO7KsfAhn1gEa6zy+uZHEHzUoQ4VyR1ZaCib6vSH3ZGoTp\n24cxHQ+kplycIcm+IEO1nV1JoWnxkAaM/j/yYxuh0kq33cp1iMtbexOMZPcGrXZv\npXVD85wso/qnrOmEMiq0+UAmEebs5Uz0vvHiORJ/p8LxYto0VxeTIsJ0EMsQFa/2\n4dfFnsRXoAlapCFBlnRi+RVjic2dX3j/x4hCD1264uo19/vwXwamYfNchLw7H+lo\nwoB0ZO1t1gQylpfem+gHpUo5tLIks126c/IaMP64fL8aPkjNwOuuXVo3xACz+PsE\nBel8KY+wSopHHpgLGyMAAAADAQABAAACAC1HZ2FK+Y4hLvwyormcS6DXSeaqIzLO\nwX2y5Ji62JK+Yzpj4TkWhBISD9KitGa2TSnc5uS8J8zL+9qIEeJnfdOKLSn2TGUN\nuokJlsScJOU0LkLxzVt4UVQJyS9LSfLN5a01Qmbb1FHTJ1VGgWHqN0nOPSjGkyql\n2nE4GBovGlryw4qN44O1ZMAu8QZ0e0gO6MeCDjlMPfcK0h326yJh5DeCrs6OZdR8\nEw+7K7cJcke8lszREyIHARO16a4q0xw+Q6Btp1UTYqMleVfFpC3wZRu0mb1MQ8ZS\nd2Hp5i0CtdrVPirJXRCIFGYCoje2SBiHxCRb4q4lcXiAXrU6xY8A8mVTyO1MOE9/\nhZm+7Nj4pPPV4V1WkhNCzirRlfjWni9Yh2yqeB9v1tR/7Q9Oi6BRpkdg8YLIdSNm\n4Zmpc88zTwXdTy+xSrD/DPSX/LS5XPhDPKD7r+/7Y7TgJ0xH64vH5613v3s+MLpF\nQ+BAdw33u+urh1iXwRgUwVxwG5x9FlWh9fyZUk5T7hrT6y87CIyNGqlTnA9VgrG2\ng7rjO6GzKllSXefpSMBcol80FPYCk09mOaZD/XcnMPBbWiZdvINgh+akacniwXHx\nZFwCOUohy+4ilR//ghINFhcMvZuL0ZUQP4iKRTwa7ETbjlrGetVyQwlXXZf8KoCh\nOC5rOQvNI3eBAAABAQDZ78H5QH7UZ1rFT0M0k4AAXZ4LnfsOu3PhXeiUjAcL/o+o\nwQYNvf5vowv+JLU/wVUlcw4VMBj7faeNvoe1pY7emexWsMnqhlXJ40qK7bFnX6ZO\nMa5eAideSZxaE/Eb7FemPbyuN293phMzfbnSApHVHz1U25C6yb8d8ItS46Tqz01l\ny7sMhWJHD0keO1eGw/CSCAqIOUm17UEh2fOGaWyLnj2blKA/Kp9T5jueWEe8+q9z\n6eCpk+zd+PzhGxEeC/x6ugdGHE3Fzt+UFpd5UfcC5t+Aqq6SUxgKhpP6y/xp6dLP\n9ylyxUPLa/uTmXrW4UWmv5A09tsGtKsUnfNJl+CzAAABAQD1QQ8z2rxFIG9bzB9M\nmZvzIb+sCRdxx9yKSb74eXpTMuAkuoUl3JBxd5nkNfsDrIkMOJ7FUJcFG1aGmuo9\nGsKkStW/oxgIlstvoW1q3gai0oWbDMHuJbRc2ITQQqlp0YPxT4rB/ItvGyYXd9Th\nobr7H63C3Pr8Iu7tndmJSTm6Nk7B6gHya7V94yh2dRFI1RS28YfKtP1HAnBx1IG2\nADBi6ryMcPP1ewJKC9f/CeiKH9DMByKYXkZ/OwUSy96XticabphaEG7zQJxplvMQ\niKgZyIJIqPOsVJeZrTtb0W6CWf8OzGUMFY3Jc/spPUf+z2XPBlPgMGzNvyDWp6Ow\nd9H5AAABAQDshRR5IKTse8d1fO75RCWgFUOsXsFuwfAOXwgmfiRQ/kQ26kMJZAWt\nYPaB50M1jJFUjOIsOC3rKXAlz1FesjMAbr95erRaC2kCLId8sI6CuQK1597OUlOn\nCnW7FM133zPaQfsoBRddbVZk16yUb8UTYAs7ulCCI9wSPcju4EFVPpXZzEW6qJjN\npUg180cFm633ghaedkucgMoegxEVemQZddifJCBzhq/wyYPL+Cbz9OdQnzZBei2O\nkGRixrxoK2FYRgtA6RucOSk2GymlPi7ynssHJ6I7Sxn9goDO84NtbDzBFKTYeGZG\nSjX/I4lbVbnodD83YWGDX2uhBhY6oRz7AAAAAAEC\n-----END OPENSSH PRIVATE KEY-----\n",
            "private_key_pem": "-----BEGIN RSA PRIVATE KEY-----\nMIIJKgIBAAKCAgEA4pd4bdPMkkWw0ZXzanpk98TIwa6PgB3MAuaN6Sg3UAxQjYJ+\nnIjvv2CGlO03EyGyv+xPeZHWk7M6dV1KfKomX4zqV/SNR6pLMkeesbVvNxFtI4AV\nhxHr6WKfsFTwyyOqNMI4iPUdgrn2eA90q5+I6g7WEeaWJvWfLi7I11Mg4XLpla/k\n0gp8lyOF0EEW67aEHPyD5Z6O/7PdJE0eXSWBM0W21jDgn4xscsBDScHxAqLsUrl4\nUdSWBmRY59k96OHQvyA12W0mcRFKOne18bO+ji+lpbpGHEVjs7W4MteNeqpSQiQf\nKEqI9GigBrv4KFgipDQOlVlJndO6XMOwv4ptSShE1M12hrj7UfXaBXdmNdLO7Ksf\nAhn1gEa6zy+uZHEHzUoQ4VyR1ZaCib6vSH3ZGoTp24cxHQ+kplycIcm+IEO1nV1J\noWnxkAaM/j/yYxuh0kq33cp1iMtbexOMZPcGrXZvpXVD85wso/qnrOmEMiq0+UAm\nEebs5Uz0vvHiORJ/p8LxYto0VxeTIsJ0EMsQFa/24dfFnsRXoAlapCFBlnRi+RVj\nic2dX3j/x4hCD1264uo19/vwXwamYfNchLw7H+lowoB0ZO1t1gQylpfem+gHpUo5\ntLIks126c/IaMP64fL8aPkjNwOuuXVo3xACz+PsEBel8KY+wSopHHpgLGyMCAwEA\nAQKCAgAtR2dhSvmOIS78MqK5nEug10nmqiMyzsF9suSYutiSvmM6Y+E5FoQSEg/S\norRmtk0p3ObkvCfMy/vaiBHiZ33Tii0p9kxlDbqJCZbEnCTlNC5C8c1beFFUCckv\nS0nyzeWtNUJm29RR0ydVRoFh6jdJzj0oxpMqpdpxOBgaLxpa8sOKjeODtWTALvEG\ndHtIDujHgg45TD33CtId9usiYeQ3gq7OjmXUfBMPuyu3CXJHvJbM0RMiBwETtemu\nKtMcPkOgbadVE2KjJXlXxaQt8GUbtJm9TEPGUndh6eYtArXa1T4qyV0QiBRmAqI3\ntkgYh8QkW+KuJXF4gF61OsWPAPJlU8jtTDhPf4WZvuzY+KTz1eFdVpITQs4q0ZX4\n1p4vWIdsqngfb9bUf+0PTougUaZHYPGCyHUjZuGZqXPPM08F3U8vsUqw/wz0l/y0\nuVz4Qzyg+6/v+2O04CdMR+uLx+etd797PjC6RUPgQHcN97vrq4dYl8EYFMFccBuc\nfRZVofX8mVJOU+4a0+svOwiMjRqpU5wPVYKxtoO64zuhsypZUl3n6UjAXKJfNBT2\nApNPZjmmQ/13JzDwW1omXbyDYIfmpGnJ4sFx8WRcAjlKIcvuIpUf/4ISDRYXDL2b\ni9GVED+IikU8GuxE245axnrVckMJV12X/CqAoTguazkLzSN3gQKCAQEA9UEPM9q8\nRSBvW8wfTJmb8yG/rAkXccfcikm++Hl6UzLgJLqFJdyQcXeZ5DX7A6yJDDiexVCX\nBRtWhprqPRrCpErVv6MYCJbLb6Ftat4GotKFmwzB7iW0XNiE0EKpadGD8U+KwfyL\nbxsmF3fU4aG6+x+twtz6/CLu7Z3ZiUk5ujZOweoB8mu1feModnURSNUUtvGHyrT9\nRwJwcdSBtgAwYuq8jHDz9XsCSgvX/wnoih/QzAcimF5GfzsFEsvel7YnGm6YWhBu\n80CcaZbzEIioGciCSKjzrFSXma07W9Fugln/DsxlDBWNyXP7KT1H/s9lzwZT4DBs\nzb8g1qejsHfR+QKCAQEA7IUUeSCk7HvHdXzu+UQloBVDrF7BbsHwDl8IJn4kUP5E\nNupDCWQFrWD2gedDNYyRVIziLDgt6ylwJc9RXrIzAG6/eXq0WgtpAiyHfLCOgrkC\ntefezlJTpwp1uxTNd98z2kH7KAUXXW1WZNeslG/FE2ALO7pQgiPcEj3I7uBBVT6V\n2cxFuqiYzaVINfNHBZut94IWnnZLnIDKHoMRFXpkGXXYnyQgc4av8MmDy/gm8/Tn\nUJ82QXotjpBkYsa8aCthWEYLQOkbnDkpNhsppT4u8p7LByeiO0sZ/YKAzvODbWw8\nwRSk2HhmRko1/yOJW1W56HQ/N2Fhg19roQYWOqEc+wKCAQEA6NCi4uHBGYoJzEXA\nbJHhdfNSpbhXth45IFmTXQLMeZBxMMyTOvbfc6dKwlXv/HPcAWr6ZWr0gdeK0ura\nc7kkjpuvv2TOmtCzPDwsx2cPO5/HTwHUUwMd7Ylowt6VPiuzKe8NVMstfgJyrZKG\n1s4V1vAinjnyVEnBMHZJHEcT8s49A13mDT/sIR3zuke1acNFD8nG00nuqWsKXTST\nEbeqNyyIYnWTUTQ9XxdRKv037272YchgMe5E0+CuF0LLAo/bHP9hxxWUjXyHPsEZ\n6lcf5KHv85PXBX+kDjFhiO8ODdXrBxxGzCrl1xgvk91lq+Erz1Q9aTPvBX1rafnn\nrMyB2QKCAQEAxmUW+Ee+r7NgaxfB6QsVuIM9wc+1168MKzHhx1AWLG4sUBgO5Uim\nTnnALNUNFlTz7wVCDq+NLO4UaVLOwW0exOUg7chUkhdyHOW3PIto7xQ7xtRZm52J\nF9v5R1U6yKtMdm7UOwySPcciKfKTi+t5VzhAE/jD4XYs+owjCOTJSLT3w7rKXrlf\ne1iCCucnEvg0ZCIV0RQPdpa9c/yjDu4cGxM0AsGuCtnWqVaPnD9qhUZP5du3ChNv\nNV+/JO/pSEPjIsWWWPtwMonsHLuKIlbX0KIMUdMYDT6A7ZpTa8Tt4JJjH96uK/pK\nZ/mF858eb6OoDum7wTuJLUaUJHzTlphgkwKCAQEA2e/B+UB+1GdaxU9DNJOAAF2e\nC537Drtz4V3olIwHC/6PqMEGDb3+b6ML/iS1P8FVJXMOFTAY+32njb6HtaWO3pns\nVrDJ6oZVyeNKiu2xZ1+mTjGuXgInXkmcWhPxG+xXpj28rjdvd6YTM3250gKR1R89\nVNuQusm/HfCLUuOk6s9NZcu7DIViRw9JHjtXhsPwkggKiDlJte1BIdnzhmlsi549\nm5SgPyqfU+Y7nlhHvPqvc+ngqZPs3fj84RsRHgv8eroHRhxNxc7flBaXeVH3Aubf\ngKquklMYCoaT+sv8aenSz/cpcsVDy2v7k5l61uFFpr+QNPbbBrSrFJ3zSZfgsw==\n-----END RSA PRIVATE KEY-----\n",
            "private_key_pem_pkcs8": "-----BEGIN PRIVATE KEY-----\nMIIJRAIBADANBgkqhkiG9w0BAQEFAASCCS4wggkqAgEAAoICAQDil3ht08ySRbDR\nlfNqemT3xMjBro+AHcwC5o3pKDdQDFCNgn6ciO+/YIaU7TcTIbK/7E95kdaTszp1\nXUp8qiZfjOpX9I1HqksyR56xtW83EW0jgBWHEevpYp+wVPDLI6o0wjiI9R2CufZ4\nD3Srn4jqDtYR5pYm9Z8uLsjXUyDhcumVr+TSCnyXI4XQQRbrtoQc/IPlno7/s90k\nTR5dJYEzRbbWMOCfjGxywENJwfECouxSuXhR1JYGZFjn2T3o4dC/IDXZbSZxEUo6\nd7Xxs76OL6WlukYcRWOztbgy1416qlJCJB8oSoj0aKAGu/goWCKkNA6VWUmd07pc\nw7C/im1JKETUzXaGuPtR9doFd2Y10s7sqx8CGfWARrrPL65kcQfNShDhXJHVloKJ\nvq9IfdkahOnbhzEdD6SmXJwhyb4gQ7WdXUmhafGQBoz+P/JjG6HSSrfdynWIy1t7\nE4xk9watdm+ldUPznCyj+qes6YQyKrT5QCYR5uzlTPS+8eI5En+nwvFi2jRXF5Mi\nwnQQyxAVr/bh18WexFegCVqkIUGWdGL5FWOJzZ1feP/HiEIPXbri6jX3+/BfBqZh\n81yEvDsf6WjCgHRk7W3WBDKWl96b6AelSjm0siSzXbpz8how/rh8vxo+SM3A665d\nWjfEALP4+wQF6Xwpj7BKikcemAsbIwIDAQABAoICAC1HZ2FK+Y4hLvwyormcS6DX\nSeaqIzLOwX2y5Ji62JK+Yzpj4TkWhBISD9KitGa2TSnc5uS8J8zL+9qIEeJnfdOK\nLSn2TGUNuokJlsScJOU0LkLxzVt4UVQJyS9LSfLN5a01Qmbb1FHTJ1VGgWHqN0nO\nPSjGkyql2nE4GBovGlryw4qN44O1ZMAu8QZ0e0gO6MeCDjlMPfcK0h326yJh5DeC\nrs6OZdR8Ew+7K7cJcke8lszREyIHARO16a4q0xw+Q6Btp1UTYqMleVfFpC3wZRu0\nmb1MQ8ZSd2Hp5i0CtdrVPirJXRCIFGYCoje2SBiHxCRb4q4lcXiAXrU6xY8A8mVT\nyO1MOE9/hZm+7Nj4pPPV4V1WkhNCzirRlfjWni9Yh2yqeB9v1tR/7Q9Oi6BRpkdg\n8YLIdSNm4Zmpc88zTwXdTy+xSrD/DPSX/LS5XPhDPKD7r+/7Y7TgJ0xH64vH5613\nv3s+MLpFQ+BAdw33u+urh1iXwRgUwVxwG5x9FlWh9fyZUk5T7hrT6y87CIyNGqlT\nnA9VgrG2g7rjO6GzKllSXefpSMBcol80FPYCk09mOaZD/XcnMPBbWiZdvINgh+ak\nacniwXHxZFwCOUohy+4ilR//ghINFhcMvZuL0ZUQP4iKRTwa7ETbjlrGetVyQwlX\nXZf8KoChOC5rOQvNI3eBAoIBAQD1QQ8z2rxFIG9bzB9MmZvzIb+sCRdxx9yKSb74\neXpTMuAkuoUl3JBxd5nkNfsDrIkMOJ7FUJcFG1aGmuo9GsKkStW/oxgIlstvoW1q\n3gai0oWbDMHuJbRc2ITQQqlp0YPxT4rB/ItvGyYXd9Thobr7H63C3Pr8Iu7tndmJ\nSTm6Nk7B6gHya7V94yh2dRFI1RS28YfKtP1HAnBx1IG2ADBi6ryMcPP1ewJKC9f/\nCeiKH9DMByKYXkZ/OwUSy96XticabphaEG7zQJxplvMQiKgZyIJIqPOsVJeZrTtb\n0W6CWf8OzGUMFY3Jc/spPUf+z2XPBlPgMGzNvyDWp6Owd9H5AoIBAQDshRR5IKTs\ne8d1fO75RCWgFUOsXsFuwfAOXwgmfiRQ/kQ26kMJZAWtYPaB50M1jJFUjOIsOC3r\nKXAlz1FesjMAbr95erRaC2kCLId8sI6CuQK1597OUlOnCnW7FM133zPaQfsoBRdd\nbVZk16yUb8UTYAs7ulCCI9wSPcju4EFVPpXZzEW6qJjNpUg180cFm633ghaedkuc\ngMoegxEVemQZddifJCBzhq/wyYPL+Cbz9OdQnzZBei2OkGRixrxoK2FYRgtA6Ruc\nOSk2GymlPi7ynssHJ6I7Sxn9goDO84NtbDzBFKTYeGZGSjX/I4lbVbnodD83YWGD\nX2uhBhY6oRz7AoIBAQDo0KLi4cEZignMRcBskeF181KluFe2HjkgWZNdAsx5kHEw\nzJM69t9zp0rCVe/8c9wBavplavSB14rS6tpzuSSOm6+/ZM6a0LM8PCzHZw87n8dP\nAdRTAx3tiWjC3pU+K7Mp7w1Uyy1+AnKtkobWzhXW8CKeOfJUScEwdkkcRxPyzj0D\nXeYNP+whHfO6R7Vpw0UPycbTSe6pawpdNJMRt6o3LIhidZNRND1fF1Eq/TfvbvZh\nyGAx7kTT4K4XQssCj9sc/2HHFZSNfIc+wRnqVx/koe/zk9cFf6QOMWGI7w4N1esH\nHEbMKuXXGC+T3WWr4SvPVD1pM+8FfWtp+eeszIHZAoIBAQDGZRb4R76vs2BrF8Hp\nCxW4gz3Bz7XXrwwrMeHHUBYsbixQGA7lSKZOecAs1Q0WVPPvBUIOr40s7hRpUs7B\nbR7E5SDtyFSSF3Ic5bc8i2jvFDvG1FmbnYkX2/lHVTrIq0x2btQ7DJI9xyIp8pOL\n63lXOEAT+MPhdiz6jCMI5MlItPfDuspeuV97WIIK5ycS+DRkIhXRFA92lr1z/KMO\n7hwbEzQCwa4K2dapVo+cP2qFRk/l27cKE281X78k7+lIQ+MixZZY+3Ayiewcu4oi\nVtfQogxR0xgNPoDtmlNrxO3gkmMf3q4r+kpn+YXznx5vo6gO6bvBO4ktRpQkfNOW\nmGCTAoIBAQDZ78H5QH7UZ1rFT0M0k4AAXZ4LnfsOu3PhXeiUjAcL/o+owQYNvf5v\nowv+JLU/wVUlcw4VMBj7faeNvoe1pY7emexWsMnqhlXJ40qK7bFnX6ZOMa5eAide\nSZxaE/Eb7FemPbyuN293phMzfbnSApHVHz1U25C6yb8d8ItS46Tqz01ly7sMhWJH\nD0keO1eGw/CSCAqIOUm17UEh2fOGaWyLnj2blKA/Kp9T5jueWEe8+q9z6eCpk+zd\n+PzhGxEeC/x6ugdGHE3Fzt+UFpd5UfcC5t+Aqq6SUxgKhpP6y/xp6dLP9ylyxUPL\na/uTmXrW4UWmv5A09tsGtKsUnfNJl+Cz\n-----END PRIVATE KEY-----\n",
            "public_key_fingerprint_md5": "24:9b:8c:ae:30:b2:7c:d4:a7:d8:f4:4c:e0:8d:8e:95",
            "public_key_fingerprint_sha256": "SHA256:bIGj5MZvjVM1uVNCzVIRPi1RXH6JQT4bT7VsWfGvRRE",
            "public_key_openssh": "ssh-rsa AAAAB3NzaC1yc2EAAAADAQABAAACAQDil3ht08ySRbDRlfNqemT3xMjBro+AHcwC5o3pKDdQDFCNgn6ciO+/YIaU7TcTIbK/7E95kdaTszp1XUp8qiZfjOpX9I1HqksyR56xtW83EW0jgBWHEevpYp+wVPDLI6o0wjiI9R2CufZ4D3Srn4jqDtYR5pYm9Z8uLsjXUyDhcumVr+TSCnyXI4XQQRbrtoQc/IPlno7/s90kTR5dJYEzRbbWMOCfjGxywENJwfECouxSuXhR1JYGZFjn2T3o4dC/IDXZbSZxEUo6d7Xxs76OL6WlukYcRWOztbgy1416qlJCJB8oSoj0aKAGu/goWCKkNA6VWUmd07pcw7C/im1JKETUzXaGuPtR9doFd2Y10s7sqx8CGfWARrrPL65kcQfNShDhXJHVloKJvq9IfdkahOnbhzEdD6SmXJwhyb4gQ7WdXUmhafGQBoz+P/JjG6HSSrfdynWIy1t7E4xk9watdm+ldUPznCyj+qes6YQyKrT5QCYR5uzlTPS+8eI5En+nwvFi2jRXF5MiwnQQyxAVr/bh18WexFegCVqkIUGWdGL5FWOJzZ1feP/HiEIPXbri6jX3+/BfBqZh81yEvDsf6WjCgHRk7W3WBDKWl96b6AelSjm0siSzXbpz8how/rh8vxo+SM3A665dWjfEALP4+wQF6Xwpj7BKikcemAsbIw==\n",
            "public_key_pem": "-----BEGIN PUBLIC KEY-----\nMIICIjANBgkqhkiG9w0BAQEFAAOCAg8AMIICCgKCAgEA4pd4bdPMkkWw0ZXzanpk\n98TIwa6PgB3MAuaN6Sg3UAxQjYJ+nIjvv2CGlO03EyGyv+xPeZHWk7M6dV1KfKom\nX4zqV/SNR6pLMkeesbVvNxFtI4AVhxHr6WKfsFTwyyOqNMI4iPUdgrn2eA90q5+I\n6g7WEeaWJvWfLi7I11Mg4XLpla/k0gp8lyOF0EEW67aEHPyD5Z6O/7PdJE0eXSWB\nM0W21jDgn4xscsBDScHxAqLsUrl4UdSWBmRY59k96OHQvyA12W0mcRFKOne18bO+\nji+lpbpGHEVjs7W4MteNeqpSQiQfKEqI9GigBrv4KFgipDQOlVlJndO6XMOwv4pt\nSShE1M12hrj7UfXaBXdmNdLO7KsfAhn1gEa6zy+uZHEHzUoQ4VyR1ZaCib6vSH3Z\nGoTp24cxHQ+kplycIcm+IEO1nV1JoWnxkAaM/j/yYxuh0kq33cp1iMtbexOMZPcG\nrXZvpXVD85wso/qnrOmEMiq0+UAmEebs5Uz0vvHiORJ/p8LxYto0VxeTIsJ0EMsQ\nFa/24dfFnsRXoAlapCFBlnRi+RVjic2dX3j/x4hCD1264uo19/vwXwamYfNchLw7\nH+lowoB0ZO1t1gQylpfem+gHpUo5tLIks126c/IaMP64fL8aPkjNwOuuXVo3xACz\n+PsEBel8KY+wSopHHpgLGyMCAwEAAQ==\n-----END PUBLIC KEY-----\n",
            "rsa_bits": 4096
          },
          "sensitive_attributes": [
            [
              {
                "type": "get_attr",
                "value": "private_key_openssh"
              }
            ],
            [
              {
                "type": "get_attr",
                "value": "private_key_pem"
              }
            ],
            [
              {
                "type": "get_attr",
                "value": "private_key_pem_pkcs8"
              }
            ]
          ]
        }
      ]
    }
  ],
  "check_results": [
    {
      "object_kind": "var",
      "config_addr": "var.Operating_System",
      "status": "pass",
      "objects": [
        {
          "object_addr": "var.Operating_System",
          "status": "pass"
        }
      ]
    }
  ]
}
